Microsoft Visual Studio Solution File, Format Version 12.00
# Visual Studio 15
VisualStudioVersion = 15.0.26206.0
MinimumVisualStudioVersion = 10.0.40219.1
Project("{2150E333-8FDC-42A3-9474-1A3956D46DE8}") = "CMakePredefinedTargets", "CMakePredefinedTargets", "{C9BEB399-FCC0-3BD3-B8B6-BFAC910E8757}"
EndProject
Project("{2150E333-8FDC-42A3-9474-1A3956D46DE8}") = "ExternalProjectTargets", "ExternalProjectTargets", "{2434AE67-6F8F-39D2-A8CB-21315599F00D}"
EndProject
Project("{2150E333-8FDC-42A3-9474-1A3956D46DE8}") = "SOIL", "SOIL", "{C6EE1720-0736-30FD-A11D-13B75F4118D8}"
EndProject
Project("{2150E333-8FDC-42A3-9474-1A3956D46DE8}") = "assimp", "assimp", "{68A03977-A224-3F18-BE33-7C2C218B0AB1}"
EndProject
Project("{2150E333-8FDC-42A3-9474-1A3956D46DE8}") = "glfw", "glfw", "{60DC714A-526E-3695-A23B-783F743CEFFB}"
EndProject
Project("{8BC9CEB8-8B4A-11D0-8D11-00A0C91BC942}") = "ALL_BUILD", "ALL_BUILD.vcxproj", "{CE8A33E6-04AB-3651-9262-2A64B5AB387E}"
	ProjectSection(ProjectDependencies) = postProject
		{39F33955-08AB-3840-B361-4D31D6BFC98A} = {39F33955-08AB-3840-B361-4D31D6BFC98A}
		{8B41373B-9B41-372B-99DC-E0A5E57719E9} = {8B41373B-9B41-372B-99DC-E0A5E57719E9}
		{8695651A-4DB1-3DDA-99AE-7988241B79C5} = {8695651A-4DB1-3DDA-99AE-7988241B79C5}
		{6FF171F1-D956-33C4-A81A-FA817EE31FA7} = {6FF171F1-D956-33C4-A81A-FA817EE31FA7}
		{FA51808E-24EA-3CBA-8CB0-58FA73C81893} = {FA51808E-24EA-3CBA-8CB0-58FA73C81893}
	EndProjectSection
EndProject
Project("{8BC9CEB8-8B4A-11D0-8D11-00A0C91BC942}") = "SOIL", "libs\SOIL\SOIL.vcxproj", "{39F33955-08AB-3840-B361-4D31D6BFC98A}"
	ProjectSection(ProjectDependencies) = postProject
		{8B41373B-9B41-372B-99DC-E0A5E57719E9} = {8B41373B-9B41-372B-99DC-E0A5E57719E9}
	EndProjectSection
EndProject
Project("{8BC9CEB8-8B4A-11D0-8D11-00A0C91BC942}") = "ZERO_CHECK", "ZERO_CHECK.vcxproj", "{8B41373B-9B41-372B-99DC-E0A5E57719E9}"
EndProject
Project("{8BC9CEB8-8B4A-11D0-8D11-00A0C91BC942}") = "app", "app\app.vcxproj", "{8695651A-4DB1-3DDA-99AE-7988241B79C5}"
	ProjectSection(ProjectDependencies) = postProject
		{39F33955-08AB-3840-B361-4D31D6BFC98A} = {39F33955-08AB-3840-B361-4D31D6BFC98A}
		{8B41373B-9B41-372B-99DC-E0A5E57719E9} = {8B41373B-9B41-372B-99DC-E0A5E57719E9}
		{6FF171F1-D956-33C4-A81A-FA817EE31FA7} = {6FF171F1-D956-33C4-A81A-FA817EE31FA7}
		{FA51808E-24EA-3CBA-8CB0-58FA73C81893} = {FA51808E-24EA-3CBA-8CB0-58FA73C81893}
	EndProjectSection
EndProject
Project("{8BC9CEB8-8B4A-11D0-8D11-00A0C91BC942}") = "assimp", "libs\assimp\assimp.vcxproj", "{6FF171F1-D956-33C4-A81A-FA817EE31FA7}"
	ProjectSection(ProjectDependencies) = postProject
		{8B41373B-9B41-372B-99DC-E0A5E57719E9} = {8B41373B-9B41-372B-99DC-E0A5E57719E9}
	EndProjectSection
EndProject
Project("{8BC9CEB8-8B4A-11D0-8D11-00A0C91BC942}") = "glfw", "libs\glfw\glfw.vcxproj", "{FA51808E-24EA-3CBA-8CB0-58FA73C81893}"
	ProjectSection(ProjectDependencies) = postProject
		{8B41373B-9B41-372B-99DC-E0A5E57719E9} = {8B41373B-9B41-372B-99DC-E0A5E57719E9}
	EndProjectSection
EndProject
Project("{2150E333-8FDC-42A3-9474-1A3956D46DE8}") = "Solution Items", "Solution Items", "{B9D76339-C28A-403D-8CEE-64F1496C65A1}"
	ProjectSection(SolutionItems) = preProject
		.gitignore = .gitignore
	EndProjectSection
EndProject
Global
	GlobalSection(SolutionConfigurationPlatforms) = preSolution
		Debug|Win32 = Debug|Win32
		MinSizeRel|Win32 = MinSizeRel|Win32
		Release|Win32 = Release|Win32
		RelWithDebInfo|Win32 = RelWithDebInfo|Win32
	EndGlobalSection
	GlobalSection(ProjectConfigurationPlatforms) = postSolution
		{CE8A33E6-04AB-3651-9262-2A64B5AB387E}.Debug|Win32.ActiveCfg = Debug|Win32
		{CE8A33E6-04AB-3651-9262-2A64B5AB387E}.MinSizeRel|Win32.ActiveCfg = MinSizeRel|Win32
		{CE8A33E6-04AB-3651-9262-2A64B5AB387E}.Release|Win32.ActiveCfg = Release|Win32
		{CE8A33E6-04AB-3651-9262-2A64B5AB387E}.RelWithDebInfo|Win32.ActiveCfg = RelWithDebInfo|Win32
		{39F33955-08AB-3840-B361-4D31D6BFC98A}.Debug|Win32.ActiveCfg = Debug|Win32
		{39F33955-08AB-3840-B361-4D31D6BFC98A}.Debug|Win32.Build.0 = Debug|Win32
		{39F33955-08AB-3840-B361-4D31D6BFC98A}.MinSizeRel|Win32.ActiveCfg = MinSizeRel|Win32
		{39F33955-08AB-3840-B361-4D31D6BFC98A}.MinSizeRel|Win32.Build.0 = MinSizeRel|Win32
		{39F33955-08AB-3840-B361-4D31D6BFC98A}.Release|Win32.ActiveCfg = Release|Win32
		{39F33955-08AB-3840-B361-4D31D6BFC98A}.Release|Win32.Build.0 = Release|Win32
		{39F33955-08AB-3840-B361-4D31D6BFC98A}.RelWithDebInfo|Win32.ActiveCfg = RelWithDebInfo|Win32
		{39F33955-08AB-3840-B361-4D31D6BFC98A}.RelWithDebInfo|Win32.Build.0 = RelWithDebInfo|Win32
		{8B41373B-9B41-372B-99DC-E0A5E57719E9}.Debug|Win32.ActiveCfg = Debug|Win32
		{8B41373B-9B41-372B-99DC-E0A5E57719E9}.Debug|Win32.Build.0 = Debug|Win32
		{8B41373B-9B41-372B-99DC-E0A5E57719E9}.MinSizeRel|Win32.ActiveCfg = MinSizeRel|Win32
		{8B41373B-9B41-372B-99DC-E0A5E57719E9}.MinSizeRel|Win32.Build.0 = MinSizeRel|Win32
		{8B41373B-9B41-372B-99DC-E0A5E57719E9}.Release|Win32.ActiveCfg = Release|Win32
		{8B41373B-9B41-372B-99DC-E0A5E57719E9}.Release|Win32.Build.0 = Release|Win32
		{8B41373B-9B41-372B-99DC-E0A5E57719E9}.RelWithDebInfo|Win32.ActiveCfg = RelWithDebInfo|Win32
		{8B41373B-9B41-372B-99DC-E0A5E57719E9}.RelWithDebInfo|Win32.Build.0 = RelWithDebInfo|Win32
		{8695651A-4DB1-3DDA-99AE-7988241B79C5}.Debug|Win32.ActiveCfg = Debug|Win32
		{8695651A-4DB1-3DDA-99AE-7988241B79C5}.Debug|Win32.Build.0 = Debug|Win32
		{8695651A-4DB1-3DDA-99AE-7988241B79C5}.MinSizeRel|Win32.ActiveCfg = MinSizeRel|Win32
		{8695651A-4DB1-3DDA-99AE-7988241B79C5}.MinSizeRel|Win32.Build.0 = MinSizeRel|Win32
		{8695651A-4DB1-3DDA-99AE-7988241B79C5}.Release|Win32.ActiveCfg = Release|Win32
		{8695651A-4DB1-3DDA-99AE-7988241B79C5}.Release|Win32.Build.0 = Release|Win32
		{8695651A-4DB1-3DDA-99AE-7988241B79C5}.RelWithDebInfo|Win32.ActiveCfg = RelWithDebInfo|Win32
		{8695651A-4DB1-3DDA-99AE-7988241B79C5}.RelWithDebInfo|Win32.Build.0 = RelWithDebInfo|Win32
		{6FF171F1-D956-33C4-A81A-FA817EE31FA7}.Debug|Win32.ActiveCfg = Debug|Win32
		{6FF171F1-D956-33C4-A81A-FA817EE31FA7}.Debug|Win32.Build.0 = Debug|Win32
		{6FF171F1-D956-33C4-A81A-FA817EE31FA7}.MinSizeRel|Win32.ActiveCfg = MinSizeRel|Win32
		{6FF171F1-D956-33C4-A81A-FA817EE31FA7}.MinSizeRel|Win32.Build.0 = MinSizeRel|Win32
		{6FF171F1-D956-33C4-A81A-FA817EE31FA7}.Release|Win32.ActiveCfg = Release|Win32
		{6FF171F1-D956-33C4-A81A-FA817EE31FA7}.Release|Win32.Build.0 = Release|Win32
		{6FF171F1-D956-33C4-A81A-FA817EE31FA7}.RelWithDebInfo|Win32.ActiveCfg = RelWithDebInfo|Win32
		{6FF171F1-D956-33C4-A81A-FA817EE31FA7}.RelWithDebInfo|Win32.Build.0 = RelWithDebInfo|Win32
		{FA51808E-24EA-3CBA-8CB0-58FA73C81893}.Debug|Win32.ActiveCfg = Debug|Win32
		{FA51808E-24EA-3CBA-8CB0-58FA73C81893}.Debug|Win32.Build.0 = Debug|Win32
		{FA51808E-24EA-3CBA-8CB0-58FA73C81893}.MinSizeRel|Win32.ActiveCfg = MinSizeRel|Win32
		{FA51808E-24EA-3CBA-8CB0-58FA73C81893}.MinSizeRel|Win32.Build.0 = MinSizeRel|Win32
		{FA51808E-24EA-3CBA-8CB0-58FA73C81893}.Release|Win32.ActiveCfg = Release|Win32
		{FA51808E-24EA-3CBA-8CB0-58FA73C81893}.Release|Win32.Build.0 = Release|Win32
		{FA51808E-24EA-3CBA-8CB0-58FA73C81893}.RelWithDebInfo|Win32.ActiveCfg = RelWithDebInfo|Win32
		{FA51808E-24EA-3CBA-8CB0-58FA73C81893}.RelWithDebInfo|Win32.Build.0 = RelWithDebInfo|Win32
	EndGlobalSection
	GlobalSection(SolutionProperties) = preSolution
		HideSolutionNode = FALSE
	EndGlobalSection
	GlobalSection(NestedProjects) = preSolution
		{C6EE1720-0736-30FD-A11D-13B75F4118D8} = {2434AE67-6F8F-39D2-A8CB-21315599F00D}
		{68A03977-A224-3F18-BE33-7C2C218B0AB1} = {2434AE67-6F8F-39D2-A8CB-21315599F00D}
		{60DC714A-526E-3695-A23B-783F743CEFFB} = {2434AE67-6F8F-39D2-A8CB-21315599F00D}
		{CE8A33E6-04AB-3651-9262-2A64B5AB387E} = {C9BEB399-FCC0-3BD3-B8B6-BFAC910E8757}
		{39F33955-08AB-3840-B361-4D31D6BFC98A} = {C6EE1720-0736-30FD-A11D-13B75F4118D8}
		{8B41373B-9B41-372B-99DC-E0A5E57719E9} = {C9BEB399-FCC0-3BD3-B8B6-BFAC910E8757}
		{6FF171F1-D956-33C4-A81A-FA817EE31FA7} = {68A03977-A224-3F18-BE33-7C2C218B0AB1}
		{FA51808E-24EA-3CBA-8CB0-58FA73C81893} = {60DC714A-526E-3695-A23B-783F743CEFFB}
	EndGlobalSection
EndGlobal
